// !$*UTF8*$!
{
	archiveVersion = 1;
	classes = {
	};
	objectVersion = 56;
	objects = {

/* Begin PBXBuildFile section */
		1347C13529A5D63C007E0622 /* WeatherView.swift in Sources */ = {isa = PBXBuildFile; fileRef = 1347C13429A5D63C007E0622 /* WeatherView.swift */; };
		137B38E629A4F23C00AD07E3 /* AppDelegate.swift in Sources */ = {isa = PBXBuildFile; fileRef = 137B38E529A4F23C00AD07E3 /* AppDelegate.swift */; };
		137B38E829A4F23C00AD07E3 /* SceneDelegate.swift in Sources */ = {isa = PBXBuildFile; fileRef = 137B38E729A4F23C00AD07E3 /* SceneDelegate.swift */; };
		137B38EA29A4F23C00AD07E3 /* MainViewController.swift in Sources */ = {isa = PBXBuildFile; fileRef = 137B38E929A4F23C00AD07E3 /* MainViewController.swift */; };
		137B38EF29A4F23D00AD07E3 /* Assets.xcassets in Resources */ = {isa = PBXBuildFile; fileRef = 137B38EE29A4F23D00AD07E3 /* Assets.xcassets */; };
		137B38F229A4F23D00AD07E3 /* LaunchScreen.storyboard in Resources */ = {isa = PBXBuildFile; fileRef = 137B38F029A4F23D00AD07E3 /* LaunchScreen.storyboard */; };
		137B390029A4F79000AD07E3 /* Resources.swift in Sources */ = {isa = PBXBuildFile; fileRef = 137B38FF29A4F79000AD07E3 /* Resources.swift */; };
		137B390329A4F7B800AD07E3 /* UIview + Extension.swift in Sources */ = {isa = PBXBuildFile; fileRef = 137B390229A4F7B800AD07E3 /* UIview + Extension.swift */; };
		137B390529A4F81B00AD07E3 /* UIcolor + extension.swift in Sources */ = {isa = PBXBuildFile; fileRef = 137B390429A4F81B00AD07E3 /* UIcolor + extension.swift */; };
		137B390729A4FB8500AD07E3 /* MainTopView.swift in Sources */ = {isa = PBXBuildFile; fileRef = 137B390629A4FB8500AD07E3 /* MainTopView.swift */; };
/* End PBXBuildFile section */

/* Begin PBXFileReference section */
		1347C13429A5D63C007E0622 /* WeatherView.swift */ = {isa = PBXFileReference; lastKnownFileType = sourcecode.swift; path = WeatherView.swift; sourceTree = "<group>"; };
		137B38E229A4F23C00AD07E3 /* MyWorkoutApp.app */ = {isa = PBXFileReference; explicitFileType = wrapper.application; includeInIndex = 0; path = MyWorkoutApp.app; sourceTree = BUILT_PRODUCTS_DIR; };
		137B38E529A4F23C00AD07E3 /* AppDelegate.swift */ = {isa = PBXFileReference; lastKnownFileType = sourcecode.swift; path = AppDelegate.swift; sourceTree = "<group>"; };
		137B38E729A4F23C00AD07E3 /* SceneDelegate.swift */ = {isa = PBXFileReference; lastKnownFileType = sourcecode.swift; path = SceneDelegate.swift; sourceTree = "<group>"; };
		137B38E929A4F23C00AD07E3 /* MainViewController.swift */ = {isa = PBXFileReference; lastKnownFileType = sourcecode.swift; path = MainViewController.swift; sourceTree = "<group>"; };
		137B38EE29A4F23D00AD07E3 /* Assets.xcassets */ = {isa = PBXFileReference; lastKnownFileType = folder.assetcatalog; path = Assets.xcassets; sourceTree = "<group>"; };
		137B38F129A4F23D00AD07E3 /* Base */ = {isa = PBXFileReference; lastKnownFileType = file.storyboard; name = Base; path = Base.lproj/LaunchScreen.storyboard; sourceTree = "<group>"; };
		137B38F329A4F23D00AD07E3 /* Info.plist */ = {isa = PBXFileReference; lastKnownFileType = text.plist.xml; path = Info.plist; sourceTree = "<group>"; };
		137B38FF29A4F79000AD07E3 /* Resources.swift */ = {isa = PBXFileReference; lastKnownFileType = sourcecode.swift; path = Resources.swift; sourceTree = "<group>"; };
		137B390229A4F7B800AD07E3 /* UIview + Extension.swift */ = {isa = PBXFileReference; lastKnownFileType = sourcecode.swift; path = "UIview + Extension.swift"; sourceTree = "<group>"; };
		137B390429A4F81B00AD07E3 /* UIcolor + extension.swift */ = {isa = PBXFileReference; lastKnownFileType = sourcecode.swift; path = "UIcolor + extension.swift"; sourceTree = "<group>"; };
		137B390629A4FB8500AD07E3 /* MainTopView.swift */ = {isa = PBXFileReference; lastKnownFileType = sourcecode.swift; path = MainTopView.swift; sourceTree = "<group>"; };
/* End PBXFileReference section */

/* Begin PBXFrameworksBuildPhase section */
		137B38DF29A4F23C00AD07E3 /* Frameworks */ = {
			isa = PBXFrameworksBuildPhase;
			buildActionMask = 2147483647;
			files = (
			);
			runOnlyForDeploymentPostprocessing = 0;
		};
/* End PBXFrameworksBuildPhase section */

/* Begin PBXGroup section */
		137B38D929A4F23C00AD07E3 = {
			isa = PBXGroup;
			children = (
				137B38E429A4F23C00AD07E3 /* MyWorkoutApp */,
				137B38E329A4F23C00AD07E3 /* Products */,
			);
			sourceTree = "<group>";
		};
		137B38E329A4F23C00AD07E3 /* Products */ = {
			isa = PBXGroup;
			children = (
				137B38E229A4F23C00AD07E3 /* MyWorkoutApp.app */,
			);
			name = Products;
			sourceTree = "<group>";
		};
		137B38E429A4F23C00AD07E3 /* MyWorkoutApp */ = {
			isa = PBXGroup;
			children = (
				137B390129A4F7A100AD07E3 /* Extensions */,
				137B38FA29A4F55300AD07E3 /* Application */,
				137B38F929A4F54600AD07E3 /* Helpers */,
				137B38FB29A4F59F00AD07E3 /* Main */,
				137B38FC29A4F5B400AD07E3 /* SupportingFiles */,
			);
			path = MyWorkoutApp;
			sourceTree = "<group>";
		};
		137B38F929A4F54600AD07E3 /* Helpers */ = {
			isa = PBXGroup;
			children = (
				137B38FF29A4F79000AD07E3 /* Resources.swift */,
			);
			path = Helpers;
			sourceTree = "<group>";
		};
		137B38FA29A4F55300AD07E3 /* Application */ = {
			isa = PBXGroup;
			children = (
				137B38E529A4F23C00AD07E3 /* AppDelegate.swift */,
				137B38E729A4F23C00AD07E3 /* SceneDelegate.swift */,
			);
			path = Application;
			sourceTree = "<group>";
		};
		137B38FB29A4F59F00AD07E3 /* Main */ = {
			isa = PBXGroup;
			children = (
				137B38FE29A4F5FE00AD07E3 /* Views */,
				137B38FD29A4F5EF00AD07E3 /* ViewControllers */,
			);
			path = Main;
			sourceTree = "<group>";
		};
		137B38FC29A4F5B400AD07E3 /* SupportingFiles */ = {
			isa = PBXGroup;
			children = (
				137B38EE29A4F23D00AD07E3 /* Assets.xcassets */,
				137B38F029A4F23D00AD07E3 /* LaunchScreen.storyboard */,
				137B38F329A4F23D00AD07E3 /* Info.plist */,
			);
			path = SupportingFiles;
			sourceTree = "<group>";
		};
		137B38FD29A4F5EF00AD07E3 /* ViewControllers */ = {
			isa = PBXGroup;
			children = (
				137B38E929A4F23C00AD07E3 /* MainViewController.swift */,
			);
			path = ViewControllers;
			sourceTree = "<group>";
		};
		137B38FE29A4F5FE00AD07E3 /* Views */ = {
			isa = PBXGroup;
			children = (
				137B390629A4FB8500AD07E3 /* MainTopView.swift */,
				1347C13429A5D63C007E0622 /* WeatherView.swift */,
			);
			path = Views;
			sourceTree = "<group>";
		};
		137B390129A4F7A100AD07E3 /* Extensions */ = {
			isa = PBXGroup;
			children = (
				137B390229A4F7B800AD07E3 /* UIview + Extension.swift */,
				137B390429A4F81B00AD07E3 /* UIcolor + extension.swift */,
			);
			path = Extensions;
			sourceTree = "<group>";
		};
/* End PBXGroup section */

/* Begin PBXNativeTarget section */
		137B38E129A4F23C00AD07E3 /* MyWorkoutApp */ = {
			isa = PBXNativeTarget;
			buildConfigurationList = 137B38F629A4F23D00AD07E3 /* Build configuration list for PBXNativeTarget "MyWorkoutApp" */;
			buildPhases = (
				137B38DE29A4F23C00AD07E3 /* Sources */,
				137B38DF29A4F23C00AD07E3 /* Frameworks */,
				137B38E029A4F23C00AD07E3 /* Resources */,
			);
			buildRules = (
			);
			dependencies = (
			);
			name = MyWorkoutApp;
			productName = MyWorkoutApp;
			productReference = 137B38E229A4F23C00AD07E3 /* MyWorkoutApp.app */;
			productType = "com.apple.product-type.application";
		};
/* End PBXNativeTarget section */

/* Begin PBXProject section */
		137B38DA29A4F23C00AD07E3 /* Project object */ = {
			isa = PBXProject;
			attributes = {
				BuildIndependentTargetsInParallel = 1;
				LastSwiftUpdateCheck = 1410;
				LastUpgradeCheck = 1410;
				TargetAttributes = {
					137B38E129A4F23C00AD07E3 = {
						CreatedOnToolsVersion = 14.1;
					};
				};
			};
			buildConfigurationList = 137B38DD29A4F23C00AD07E3 /* Build configuration list for PBXProject "MyWorkoutApp" */;
			compatibilityVersion = "Xcode 14.0";
			developmentRegion = en;
			hasScannedForEncodings = 0;
			knownRegions = (
				en,
				Base,
			);
			mainGroup = 137B38D929A4F23C00AD07E3;
			productRefGroup = 137B38E329A4F23C00AD07E3 /* Products */;
			projectDirPath = "";
			projectRoot = "";
			targets = (
				137B38E129A4F23C00AD07E3 /* MyWorkoutApp */,
			);
		};
/* End PBXProject section */

/* Begin PBXResourcesBuildPhase section */
		137B38E029A4F23C00AD07E3 /* Resources */ = {
			isa = PBXResourcesBuildPhase;
			buildActionMask = 2147483647;
			files = (
				137B38F229A4F23D00AD07E3 /* LaunchScreen.storyboard in Resources */,
				137B38EF29A4F23D00AD07E3 /* Assets.xcassets in Resources */,
			);
			runOnlyForDeploymentPostprocessing = 0;
		};
/* End PBXResourcesBuildPhase section */

/* Begin PBXSourcesBuildPhase section */
		137B38DE29A4F23C00AD07E3 /* Sources */ = {
			isa = PBXSourcesBuildPhase;
			buildActionMask = 2147483647;
			files = (
				137B38EA29A4F23C00AD07E3 /* MainViewController.swift in Sources */,
				137B390529A4F81B00AD07E3 /* UIcolor + extension.swift in Sources */,
				137B390029A4F79000AD07E3 /* Resources.swift in Sources */,
				137B38E629A4F23C00AD07E3 /* AppDelegate.swift in Sources */,
				137B390329A4F7B800AD07E3 /* UIview + Extension.swift in Sources */,
				137B390729A4FB8500AD07E3 /* MainTopView.swift in Sources */,
				137B38E829A4F23C00AD07E3 /* SceneDelegate.swift in Sources */,
				1347C13529A5D63C007E0622 /* WeatherView.swift in Sources */,
			);
			runOnlyForDeploymentPostprocessing = 0;
		};
/* End PBXSourcesBuildPhase section */

/* Begin PBXVariantGroup section */
		137B38F029A4F23D00AD07E3 /* LaunchScreen.storyboard */ = {
			isa = PBXVariantGroup;
			children = (
				137B38F129A4F23D00AD07E3 /* Base */,
			);
			name = LaunchScreen.storyboard;
			sourceTree = "<group>";
		};
/* End PBXVariantGroup section */

/* Begin XCBuildConfiguration section */
		137B38F429A4F23D00AD07E3 /* Debug */ = {
			isa = XCBuildConfiguration;
			buildSettings = {
				ALWAYS_SEARCH_USER_PATHS = NO;
				CLANG_ANALYZER_NONNULL = YES;
				CLANG_ANALYZER_NUMBER_OBJECT_CONVERSION = YES_AGGRESSIVE;
				CLANG_CXX_LANGUAGE_STANDARD = "gnu++20";
				CLANG_ENABLE_MODULES = YES;
				CLANG_ENABLE_OBJC_ARC = YES;
				CLANG_ENABLE_OBJC_WEAK = YES;
				CLANG_WARN_BLOCK_CAPTURE_AUTORELEASING = YES;
				CLANG_WARN_BOOL_CONVERSION = YES;
				CLANG_WARN_COMMA = YES;
				CLANG_WARN_CONSTANT_CONVERSION = YES;
				CLANG_WARN_DEPRECATED_OBJC_IMPLEMENTATIONS = YES;
				CLANG_WARN_DIRECT_OBJC_ISA_USAGE = YES_ERROR;
				CLANG_WARN_DOCUMENTATION_COMMENTS = YES;
				CLANG_WARN_EMPTY_BODY = YES;
				CLANG_WARN_ENUM_CONVERSION = YES;
				CLANG_WARN_INFINITE_RECURSION = YES;
				CLANG_WARN_INT_CONVERSION = YES;
				CLANG_WARN_NON_LITERAL_NULL_CONVERSION = YES;
				CLANG_WARN_OBJC_IMPLICIT_RETAIN_SELF = YES;
				CLANG_WARN_OBJC_LITERAL_CONVERSION = YES;
				CLANG_WARN_OBJC_ROOT_CLASS = YES_ERROR;
				CLANG_WARN_QUOTED_INCLUDE_IN_FRAMEWORK_HEADER = YES;
				CLANG_WARN_RANGE_LOOP_ANALYSIS = YES;
				CLANG_WARN_STRICT_PROTOTYPES = YES;
				CLANG_WARN_SUSPICIOUS_MOVE = YES;
				CLANG_WARN_UNGUARDED_AVAILABILITY = YES_AGGRESSIVE;
				CLANG_WARN_UNREACHABLE_CODE = YES;
				CLANG_WARN__DUPLICATE_METHOD_MATCH = YES;
				COPY_PHASE_STRIP = NO;
				DEBUG_INFORMATION_FORMAT = dwarf;
				ENABLE_STRICT_OBJC_MSGSEND = YES;
				ENABLE_TESTABILITY = YES;
				GCC_C_LANGUAGE_STANDARD = gnu11;
				GCC_DYNAMIC_NO_PIC = NO;
				GCC_NO_COMMON_BLOCKS = YES;
				GCC_OPTIMIZATION_LEVEL = 0;
				GCC_PREPROCESSOR_DEFINITIONS = (
					"DEBUG=1",
					"$(inherited)",
				);
				GCC_WARN_64_TO_32_BIT_CONVERSION = YES;
				GCC_WARN_ABOUT_RETURN_TYPE = YES_ERROR;
				GCC_WARN_UNDECLARED_SELECTOR = YES;
				GCC_WARN_UNINITIALIZED_AUTOS = YES_AGGRESSIVE;
				GCC_WARN_UNUSED_FUNCTION = YES;
				GCC_WARN_UNUSED_VARIABLE = YES;
				IPHONEOS_DEPLOYMENT_TARGET = 16.1;
				MTL_ENABLE_DEBUG_INFO = INCLUDE_SOURCE;
				MTL_FAST_MATH = YES;
				ONLY_ACTIVE_ARCH = YES;
				SDKROOT = iphoneos;
				SWIFT_ACTIVE_COMPILATION_CONDITIONS = DEBUG;
				SWIFT_OPTIMIZATION_LEVEL = "-Onone";
			};
			name = Debug;
		};
		137B38F529A4F23D00AD07E3 /* Release */ = {
			isa = XCBuildConfiguration;
			buildSettings = {
				ALWAYS_SEARCH_USER_PATHS = NO;
				CLANG_ANALYZER_NONNULL = YES;
				CLANG_ANALYZER_NUMBER_OBJECT_CONVERSION = YES_AGGRESSIVE;
				CLANG_CXX_LANGUAGE_STANDARD = "gnu++20";
				CLANG_ENABLE_MODULES = YES;
				CLANG_ENABLE_OBJC_ARC = YES;
				CLANG_ENABLE_OBJC_WEAK = YES;
				CLANG_WARN_BLOCK_CAPTURE_AUTORELEASING = YES;
				CLANG_WARN_BOOL_CONVERSION = YES;
				CLANG_WARN_COMMA = YES;
				CLANG_WARN_CONSTANT_CONVERSION = YES;
				CLANG_WARN_DEPRECATED_OBJC_IMPLEMENTATIONS = YES;
				CLANG_WARN_DIRECT_OBJC_ISA_USAGE = YES_ERROR;
				CLANG_WARN_DOCUMENTATION_COMMENTS = YES;
				CLANG_WARN_EMPTY_BODY = YES;
				CLANG_WARN_ENUM_CONVERSION = YES;
				CLANG_WARN_INFINITE_RECURSION = YES;
				CLANG_WARN_INT_CONVERSION = YES;
				CLANG_WARN_NON_LITERAL_NULL_CONVERSION = YES;
				CLANG_WARN_OBJC_IMPLICIT_RETAIN_SELF = YES;
				CLANG_WARN_OBJC_LITERAL_CONVERSION = YES;
				CLANG_WARN_OBJC_ROOT_CLASS = YES_ERROR;
				CLANG_WARN_QUOTED_INCLUDE_IN_FRAMEWORK_HEADER = YES;
				CLANG_WARN_RANGE_LOOP_ANALYSIS = YES;
				CLANG_WARN_STRICT_PROTOTYPES = YES;
				CLANG_WARN_SUSPICIOUS_MOVE = YES;
				CLANG_WARN_UNGUARDED_AVAILABILITY = YES_AGGRESSIVE;
				CLANG_WARN_UNREACHABLE_CODE = YES;
				CLANG_WARN__DUPLICATE_METHOD_MATCH = YES;
				COPY_PHASE_STRIP = NO;
				DEBUG_INFORMATION_FORMAT = "dwarf-with-dsym";
				ENABLE_NS_ASSERTIONS = NO;
				ENABLE_STRICT_OBJC_MSGSEND = YES;
				GCC_C_LANGUAGE_STANDARD = gnu11;
				GCC_NO_COMMON_BLOCKS = YES;
				GCC_WARN_64_TO_32_BIT_CONVERSION = YES;
				GCC_WARN_ABOUT_RETURN_TYPE = YES_ERROR;
				GCC_WARN_UNDECLARED_SELECTOR = YES;
				GCC_WARN_UNINITIALIZED_AUTOS = YES_AGGRESSIVE;
				GCC_WARN_UNUSED_FUNCTION = YES;
				GCC_WARN_UNUSED_VARIABLE = YES;
				IPHONEOS_DEPLOYMENT_TARGET = 16.1;
				MTL_ENABLE_DEBUG_INFO = NO;
				MTL_FAST_MATH = YES;
				SDKROOT = iphoneos;
				SWIFT_COMPILATION_MODE = wholemodule;
				SWIFT_OPTIMIZATION_LEVEL = "-O";
				VALIDATE_PRODUCT = YES;
			};
			name = Release;
		};
		137B38F729A4F23D00AD07E3 /* Debug */ = {
			isa = XCBuildConfiguration;
			buildSettings = {
				ASSETCATALOG_COMPILER_APPICON_NAME = AppIcon;
				ASSETCATALOG_COMPILER_GLOBAL_ACCENT_COLOR_NAME = AccentColor;
				CODE_SIGN_STYLE = Automatic;
				CURRENT_PROJECT_VERSION = 1;
				GENERATE_INFOPLIST_FILE = YES;
				INFOPLIST_FILE = MyWorkoutApp/SupportingFiles/Info.plist;
				INFOPLIST_KEY_UIApplicationSupportsIndirectInputEvents = YES;
				INFOPLIST_KEY_UILaunchStoryboardName = LaunchScreen;
				INFOPLIST_KEY_UISupportedInterfaceOrientations = UIInterfaceOrientationPortrait;
				INFOPLIST_KEY_UISupportedInterfaceOrientations_iPad = "UIInterfaceOrientationLandscapeLeft UIInterfaceOrientationLandscapeRight UIInterfaceOrientationPortrait UIInterfaceOrientationPortraitUpsideDown";
				IPHONEOS_DEPLOYMENT_TARGET = 13.0;
				LD_RUNPATH_SEARCH_PATHS = (
					"$(inherited)",
					"@executable_path/Frameworks",
				);
				MARKETING_VERSION = 1.0;
				PRODUCT_BUNDLE_IDENTIFIER = balakirev.MyWorkoutApp;
				PRODUCT_NAME = "$(TARGET_NAME)";
				SUPPORTED_PLATFORMS = "iphoneos iphonesimulator";
				SUPPORTS_MACCATALYST = NO;
				SUPPORTS_MAC_DESIGNED_FOR_IPHONE_IPAD = NO;
				SWIFT_EMIT_LOC_STRINGS = YES;
				SWIFT_VERSION = 5.0;
				TARGETED_DEVICE_FAMILY = 1;
			};
			name = Debug;
		};
		137B38F829A4F23D00AD07E3 /* Release */ = {
			isa = XCBuildConfiguration;
			buildSettings = {
				ASSETCATALOG_COMPILER_APPICON_NAME = AppIcon;
				ASSETCATALOG_COMPILER_GLOBAL_ACCENT_COLOR_NAME = AccentColor;
				CODE_SIGN_STYLE = Automatic;
				CURRENT_PROJECT_VERSION = 1;
				GENERATE_INFOPLIST_FILE = YES;
				INFOPLIST_FILE = MyWorkoutApp/SupportingFiles/Info.plist;
				INFOPLIST_KEY_UIApplicationSupportsIndirectInputEvents = YES;
				INFOPLIST_KEY_UILaunchStoryboardName = LaunchScreen;
				INFOPLIST_KEY_UISupportedInterfaceOrientations = UIInterfaceOrientationPortrait;
				INFOPLIST_KEY_UISupportedInterfaceOrientations_iPad = "UIInterfaceOrientationLandscapeLeft UIInterfaceOrientationLandscapeRight UIInterfaceOrientationPortrait UIInterfaceOrientationPortraitUpsideDown";
				IPHONEOS_DEPLOYMENT_TARGET = 13.0;
				LD_RUNPATH_SEARCH_PATHS = (
					"$(inherited)",
					"@executable_path/Frameworks",
				);
				MARKETING_VERSION = 1.0;
				PRODUCT_BUNDLE_IDENTIFIER = balakirev.MyWorkoutApp;
				PRODUCT_NAME = "$(TARGET_NAME)";
				SUPPORTED_PLATFORMS = "iphoneos iphonesimulator";
				SUPPORTS_MACCATALYST = NO;
				SUPPORTS_MAC_DESIGNED_FOR_IPHONE_IPAD = NO;
				SWIFT_EMIT_LOC_STRINGS = YES;
				SWIFT_VERSION = 5.0;
				TARGETED_DEVICE_FAMILY = 1;
			};
			name = Release;
		};
/* End XCBuildConfiguration section */

/* Begin XCConfigurationList section */
		137B38DD29A4F23C00AD07E3 /* Build configuration list for PBXProject "MyWorkoutApp" */ = {
			isa = XCConfigurationList;
			buildConfigurations = (
				137B38F429A4F23D00AD07E3 /* Debug */,
				137B38F529A4F23D00AD07E3 /* Release */,
			);
			defaultConfigurationIsVisible = 0;
			defaultConfigurationName = Release;
		};
		137B38F629A4F23D00AD07E3 /* Build configuration list for PBXNativeTarget "MyWorkoutApp" */ = {
			isa = XCConfigurationList;
			buildConfigurations = (
				137B38F729A4F23D00AD07E3 /* Debug */,
				137B38F829A4F23D00AD07E3 /* Release */,
			);
			defaultConfigurationIsVisible = 0;
			defaultConfigurationName = Release;
		};
/* End XCConfigurationList section */
	};
	rootObject = 137B38DA29A4F23C00AD07E3 /* Project object */;
}
